
Microsoft Visual Studio Solution File, Format Version 12.00
# Visual Studio Version 17
VisualStudioVersion = 17.4.33205.214
MinimumVisualStudioVersion = 10.0.40219.1
Project("{8BC9CEB8-8B4A-11D0-8D11-00A0C91BC942}") = "Exercise Array 8.5", "Exercise Array 8.5\Exercise Array 8.5.vcxproj", "{F2EE3C5A-BA04-4AD4-9298-1290BC5E747B}"
EndProject
Global
	GlobalSection(SolutionConfigurationPlatforms) = preSolution
		Debug|x64 = Debug|x64
		Debug|x86 = Debug|x86
		Release|x64 = Release|x64
		Release|x86 = Release|x86
	EndGlobalSection
	GlobalSection(ProjectConfigurationPlatforms) = postSolution
		{F2EE3C5A-BA04-4AD4-9298-1290BC5E747B}.Debug|x64.ActiveCfg = Debug|x64
		{F2EE3C5A-BA04-4AD4-9298-1290BC5E747B}.Debug|x64.Build.0 = Debug|x64
		{F2EE3C5A-BA04-4AD4-9298-1290BC5E747B}.Debug|x86.ActiveCfg = Debug|Win32
		{F2EE3C5A-BA04-4AD4-9298-1290BC5E747B}.Debug|x86.Build.0 = Debug|Win32
		{F2EE3C5A-BA04-4AD4-9298-1290BC5E747B}.Release|x64.ActiveCfg = Release|x64
		{F2EE3C5A-BA04-4AD4-9298-1290BC5E747B}.Release|x64.Build.0 = Release|x64
		{F2EE3C5A-BA04-4AD4-9298-1290BC5E747B}.Release|x86.ActiveCfg = Release|Win32
		{F2EE3C5A-BA04-4AD4-9298-1290BC5E747B}.Release|x86.Build.0 = Release|Win32
	EndGlobalSection
	GlobalSection(SolutionProperties) = preSolution
		HideSolutionNode = FALSE
	EndGlobalSection
	GlobalSection(ExtensibilityGlobals) = postSolution
		SolutionGuid = {2DD7FBD0-8D05-424F-A30D-9DE4B0149022}
	EndGlobalSection
EndGlobal
