
Microsoft Visual Studio Solution File, Format Version 12.00
# Visual Studio Version 17
VisualStudioVersion = 17.4.33205.214
MinimumVisualStudioVersion = 10.0.40219.1
Project("{8BC9CEB8-8B4A-11D0-8D11-00A0C91BC942}") = "Exercise Array 8.1", "Exercise Array 8.1\Exercise Array 8.1.vcxproj", "{70B1F418-1230-4186-AC9C-473DAFC3A8EE}"
EndProject
Global
	GlobalSection(SolutionConfigurationPlatforms) = preSolution
		Debug|x64 = Debug|x64
		Debug|x86 = Debug|x86
		Release|x64 = Release|x64
		Release|x86 = Release|x86
	EndGlobalSection
	GlobalSection(ProjectConfigurationPlatforms) = postSolution
		{70B1F418-1230-4186-AC9C-473DAFC3A8EE}.Debug|x64.ActiveCfg = Debug|x64
		{70B1F418-1230-4186-AC9C-473DAFC3A8EE}.Debug|x64.Build.0 = Debug|x64
		{70B1F418-1230-4186-AC9C-473DAFC3A8EE}.Debug|x86.ActiveCfg = Debug|Win32
		{70B1F418-1230-4186-AC9C-473DAFC3A8EE}.Debug|x86.Build.0 = Debug|Win32
		{70B1F418-1230-4186-AC9C-473DAFC3A8EE}.Release|x64.ActiveCfg = Release|x64
		{70B1F418-1230-4186-AC9C-473DAFC3A8EE}.Release|x64.Build.0 = Release|x64
		{70B1F418-1230-4186-AC9C-473DAFC3A8EE}.Release|x86.ActiveCfg = Release|Win32
		{70B1F418-1230-4186-AC9C-473DAFC3A8EE}.Release|x86.Build.0 = Release|Win32
	EndGlobalSection
	GlobalSection(SolutionProperties) = preSolution
		HideSolutionNode = FALSE
	EndGlobalSection
	GlobalSection(ExtensibilityGlobals) = postSolution
		SolutionGuid = {4C88B5C2-A8F3-4D2A-B7D0-3C72606907C7}
	EndGlobalSection
EndGlobal
