
Microsoft Visual Studio Solution File, Format Version 12.00
# Visual Studio Version 17
VisualStudioVersion = 17.4.33205.214
MinimumVisualStudioVersion = 10.0.40219.1
Project("{8BC9CEB8-8B4A-11D0-8D11-00A0C91BC942}") = "Input_OutPut", "Input_OutPut\Input_OutPut.vcxproj", "{182B794D-BA58-4147-B858-BD1A46E70B61}"
EndProject
Global
	GlobalSection(SolutionConfigurationPlatforms) = preSolution
		Debug|x64 = Debug|x64
		Debug|x86 = Debug|x86
		Release|x64 = Release|x64
		Release|x86 = Release|x86
	EndGlobalSection
	GlobalSection(ProjectConfigurationPlatforms) = postSolution
		{182B794D-BA58-4147-B858-BD1A46E70B61}.Debug|x64.ActiveCfg = Debug|x64
		{182B794D-BA58-4147-B858-BD1A46E70B61}.Debug|x64.Build.0 = Debug|x64
		{182B794D-BA58-4147-B858-BD1A46E70B61}.Debug|x86.ActiveCfg = Debug|Win32
		{182B794D-BA58-4147-B858-BD1A46E70B61}.Debug|x86.Build.0 = Debug|Win32
		{182B794D-BA58-4147-B858-BD1A46E70B61}.Release|x64.ActiveCfg = Release|x64
		{182B794D-BA58-4147-B858-BD1A46E70B61}.Release|x64.Build.0 = Release|x64
		{182B794D-BA58-4147-B858-BD1A46E70B61}.Release|x86.ActiveCfg = Release|Win32
		{182B794D-BA58-4147-B858-BD1A46E70B61}.Release|x86.Build.0 = Release|Win32
	EndGlobalSection
	GlobalSection(SolutionProperties) = preSolution
		HideSolutionNode = FALSE
	EndGlobalSection
	GlobalSection(ExtensibilityGlobals) = postSolution
		SolutionGuid = {BD0F7569-D8D5-4EE6-9C07-3D7DCD2EEC44}
	EndGlobalSection
EndGlobal
